
Microsoft Visual Studio Solution File, Format Version 12.00
# Visual Studio Express 2012 for Web
Project("{FAE04EC0-301F-11D3-BF4B-00C04F79EFBC}") = "TextPub", "TextPub\TextPub.csproj", "{01F95D86-55EE-473E-A5C0-3F0E5E92F293}"
EndProject
Project("{E24C65DC-7377-472B-9ABA-BC803B73C61A}") = "TextPub.Sample.WebPages", "http://localhost:50203", "{E84FA9B0-52AA-4AED-80E2-B2DA1E484964}"
	ProjectSection(WebsiteProperties) = preProject
		Debug.AspNetCompiler.Debug = "True"
		Debug.AspNetCompiler.FixedNames = "false"
		Debug.AspNetCompiler.ForceOverwrite = "true"
		Debug.AspNetCompiler.PhysicalPath = "TextPub.Sample.WebPages\"
		Debug.AspNetCompiler.TargetPath = "PrecompiledWeb\localhost_50203\"
		Debug.AspNetCompiler.Updateable = "true"
		Debug.AspNetCompiler.VirtualPath = "/localhost_50203"
		DefaultWebSiteLanguage = "Visual C#"
		ProjectReferences = "{01f95d86-55ee-473e-a5c0-3f0e5e92f293}|TextPub.dll;"
		Release.AspNetCompiler.Debug = "False"
		Release.AspNetCompiler.FixedNames = "false"
		Release.AspNetCompiler.ForceOverwrite = "true"
		Release.AspNetCompiler.PhysicalPath = "TextPub.Sample.WebPages\"
		Release.AspNetCompiler.TargetPath = "PrecompiledWeb\localhost_50203\"
		Release.AspNetCompiler.Updateable = "true"
		Release.AspNetCompiler.VirtualPath = "/localhost_50203"
		SlnRelativePath = "TextPub.Sample.WebPages\"
		TargetFrameworkMoniker = ".NETFramework,Version%3Dv4.5"
		UseIISExpress = "true"
	EndProjectSection
	ProjectSection(WebsiteProperties) = preProject
		Debug.AspNetCompiler.Debug = "True"
		Debug.AspNetCompiler.FixedNames = "false"
		Debug.AspNetCompiler.ForceOverwrite = "true"
		Debug.AspNetCompiler.PhysicalPath = "TextPub.Sample.WebPages\"
		Debug.AspNetCompiler.TargetPath = "PrecompiledWeb\localhost_50203\"
		Debug.AspNetCompiler.Updateable = "true"
		Debug.AspNetCompiler.VirtualPath = "/localhost_50203"
		DefaultWebSiteLanguage = "Visual C#"
		ProjectReferences = "{01f95d86-55ee-473e-a5c0-3f0e5e92f293}|TextPub.dll;"
		Release.AspNetCompiler.Debug = "False"
		Release.AspNetCompiler.FixedNames = "false"
		Release.AspNetCompiler.ForceOverwrite = "true"
		Release.AspNetCompiler.PhysicalPath = "TextPub.Sample.WebPages\"
		Release.AspNetCompiler.TargetPath = "PrecompiledWeb\localhost_50203\"
		Release.AspNetCompiler.Updateable = "true"
		Release.AspNetCompiler.VirtualPath = "/localhost_50203"
		SlnRelativePath = "TextPub.Sample.WebPages\"
		TargetFrameworkMoniker = ".NETFramework,Version%3Dv4.5"
		UseIISExpress = "true"
	EndProjectSection
	ProjectSection(WebsiteProperties) = preProject
		Debug.AspNetCompiler.Debug = "True"
		Debug.AspNetCompiler.FixedNames = "false"
		Debug.AspNetCompiler.ForceOverwrite = "true"
		Debug.AspNetCompiler.PhysicalPath = "TextPub.Sample.WebPages\"
		Debug.AspNetCompiler.TargetPath = "PrecompiledWeb\localhost_50203\"
		Debug.AspNetCompiler.Updateable = "true"
		Debug.AspNetCompiler.VirtualPath = "/localhost_50203"
		DefaultWebSiteLanguage = "Visual C#"
		ProjectReferences = "{01f95d86-55ee-473e-a5c0-3f0e5e92f293}|TextPub.dll;"
		Release.AspNetCompiler.Debug = "False"
		Release.AspNetCompiler.FixedNames = "false"
		Release.AspNetCompiler.ForceOverwrite = "true"
		Release.AspNetCompiler.PhysicalPath = "TextPub.Sample.WebPages\"
		Release.AspNetCompiler.TargetPath = "PrecompiledWeb\localhost_50203\"
		Release.AspNetCompiler.Updateable = "true"
		Release.AspNetCompiler.VirtualPath = "/localhost_50203"
		SlnRelativePath = "TextPub.Sample.WebPages\"
		TargetFrameworkMoniker = ".NETFramework,Version%3Dv4.0"
		UseIISExpress = "true"
	EndProjectSection
	ProjectSection(WebsiteProperties) = preProject
		Debug.AspNetCompiler.Debug = "True"
		Debug.AspNetCompiler.FixedNames = "false"
		Debug.AspNetCompiler.ForceOverwrite = "true"
		Debug.AspNetCompiler.PhysicalPath = "TextPub.Sample.WebPages\"
		Debug.AspNetCompiler.TargetPath = "PrecompiledWeb\localhost_50203\"
		Debug.AspNetCompiler.Updateable = "true"
		Debug.AspNetCompiler.VirtualPath = "/localhost_50203"
		DefaultWebSiteLanguage = "Visual C#"
		ProjectReferences = "{01f95d86-55ee-473e-a5c0-3f0e5e92f293}|TextPub.dll;"
		Release.AspNetCompiler.Debug = "False"
		Release.AspNetCompiler.FixedNames = "false"
		Release.AspNetCompiler.ForceOverwrite = "true"
		Release.AspNetCompiler.PhysicalPath = "TextPub.Sample.WebPages\"
		Release.AspNetCompiler.TargetPath = "PrecompiledWeb\localhost_50203\"
		Release.AspNetCompiler.Updateable = "true"
		Release.AspNetCompiler.VirtualPath = "/localhost_50203"
		SlnRelativePath = "TextPub.Sample.WebPages\"
		TargetFrameworkMoniker = ".NETFramework,Version%3Dv4.5"
		UseIISExpress = "true"
	EndProjectSection
	ProjectSection(WebsiteProperties) = preProject
		Debug.AspNetCompiler.Debug = "True"
		Debug.AspNetCompiler.FixedNames = "false"
		Debug.AspNetCompiler.ForceOverwrite = "true"
		Debug.AspNetCompiler.PhysicalPath = "TextPub.Sample.WebPages\"
		Debug.AspNetCompiler.TargetPath = "PrecompiledWeb\localhost_50203\"
		Debug.AspNetCompiler.Updateable = "true"
		Debug.AspNetCompiler.VirtualPath = "/localhost_50203"
		DefaultWebSiteLanguage = "Visual C#"
		ProjectReferences = "{01f95d86-55ee-473e-a5c0-3f0e5e92f293}|TextPub.dll;{2ECECFBF-5F3E-40EE-A963-72336DC7ABE2}|RestSharp.dll;"
		Release.AspNetCompiler.Debug = "False"
		Release.AspNetCompiler.FixedNames = "false"
		Release.AspNetCompiler.ForceOverwrite = "true"
		Release.AspNetCompiler.PhysicalPath = "TextPub.Sample.WebPages\"
		Release.AspNetCompiler.TargetPath = "PrecompiledWeb\localhost_50203\"
		Release.AspNetCompiler.Updateable = "true"
		Release.AspNetCompiler.VirtualPath = "/localhost_50203"
		SlnRelativePath = "TextPub.Sample.WebPages\"
		TargetFrameworkMoniker = ".NETFramework,Version%3Dv4.5"
		UseIISExpress = "true"
	EndProjectSection
	ProjectSection(WebsiteProperties) = preProject
		Debug.AspNetCompiler.Debug = "True"
		Debug.AspNetCompiler.FixedNames = "false"
		Debug.AspNetCompiler.ForceOverwrite = "true"
		Debug.AspNetCompiler.PhysicalPath = "TextPub.Sample.WebPages\"
		Debug.AspNetCompiler.TargetPath = "PrecompiledWeb\localhost_50203\"
		Debug.AspNetCompiler.Updateable = "true"
		Debug.AspNetCompiler.VirtualPath = "/localhost_50203"
		DefaultWebSiteLanguage = "Visual C#"
		ProjectReferences = "{01f95d86-55ee-473e-a5c0-3f0e5e92f293}|TextPub.dll;{2ECECFBF-5F3E-40EE-A963-72336DC7ABE2}|RestSharp.dll;"
		Release.AspNetCompiler.Debug = "False"
		Release.AspNetCompiler.FixedNames = "false"
		Release.AspNetCompiler.ForceOverwrite = "true"
		Release.AspNetCompiler.PhysicalPath = "TextPub.Sample.WebPages\"
		Release.AspNetCompiler.TargetPath = "PrecompiledWeb\localhost_50203\"
		Release.AspNetCompiler.Updateable = "true"
		Release.AspNetCompiler.VirtualPath = "/localhost_50203"
		SlnRelativePath = "TextPub.Sample.WebPages\"
		TargetFrameworkMoniker = ".NETFramework,Version%3Dv4.5"
		UseIISExpress = "true"
	EndProjectSection
	ProjectSection(WebsiteProperties) = preProject
		Debug.AspNetCompiler.Debug = "True"
		Debug.AspNetCompiler.FixedNames = "false"
		Debug.AspNetCompiler.ForceOverwrite = "true"
		Debug.AspNetCompiler.PhysicalPath = "TextPub.Sample.WebPages\"
		Debug.AspNetCompiler.TargetPath = "PrecompiledWeb\localhost_50203\"
		Debug.AspNetCompiler.Updateable = "true"
		Debug.AspNetCompiler.VirtualPath = "/localhost_50203"
		DefaultWebSiteLanguage = "Visual C#"
		ProjectReferences = "{01f95d86-55ee-473e-a5c0-3f0e5e92f293}|TextPub.dll;{2ECECFBF-5F3E-40EE-A963-72336DC7ABE2}|RestSharp.dll;"
		Release.AspNetCompiler.Debug = "False"
		Release.AspNetCompiler.FixedNames = "false"
		Release.AspNetCompiler.ForceOverwrite = "true"
		Release.AspNetCompiler.PhysicalPath = "TextPub.Sample.WebPages\"
		Release.AspNetCompiler.TargetPath = "PrecompiledWeb\localhost_50203\"
		Release.AspNetCompiler.Updateable = "true"
		Release.AspNetCompiler.VirtualPath = "/localhost_50203"
		SlnRelativePath = "TextPub.Sample.WebPages\"
		TargetFrameworkMoniker = ".NETFramework,Version%3Dv4.5"
		UseIISExpress = "true"
	EndProjectSection
	ProjectSection(WebsiteProperties) = preProject
		Debug.AspNetCompiler.Debug = "True"
		Debug.AspNetCompiler.FixedNames = "false"
		Debug.AspNetCompiler.ForceOverwrite = "true"
		Debug.AspNetCompiler.PhysicalPath = "TextPub.Sample.WebPages\"
		Debug.AspNetCompiler.TargetPath = "PrecompiledWeb\localhost_50203\"
		Debug.AspNetCompiler.Updateable = "true"
		Debug.AspNetCompiler.VirtualPath = "/localhost_50203"
		DefaultWebSiteLanguage = "Visual C#"
		ProjectReferences = "{01f95d86-55ee-473e-a5c0-3f0e5e92f293}|TextPub.dll;{2ECECFBF-5F3E-40EE-A963-72336DC7ABE2}|RestSharp.dll;"
		Release.AspNetCompiler.Debug = "False"
		Release.AspNetCompiler.FixedNames = "false"
		Release.AspNetCompiler.ForceOverwrite = "true"
		Release.AspNetCompiler.PhysicalPath = "TextPub.Sample.WebPages\"
		Release.AspNetCompiler.TargetPath = "PrecompiledWeb\localhost_50203\"
		Release.AspNetCompiler.Updateable = "true"
		Release.AspNetCompiler.VirtualPath = "/localhost_50203"
		SlnRelativePath = "TextPub.Sample.WebPages\"
		TargetFrameworkMoniker = ".NETFramework,Version%3Dv4.5"
		UseIISExpress = "true"
	EndProjectSection
	ProjectSection(WebsiteProperties) = preProject
		Debug.AspNetCompiler.Debug = "True"
		Debug.AspNetCompiler.FixedNames = "false"
		Debug.AspNetCompiler.ForceOverwrite = "true"
		Debug.AspNetCompiler.PhysicalPath = "TextPub.Sample.WebPages\"
		Debug.AspNetCompiler.TargetPath = "PrecompiledWeb\localhost_50203\"
		Debug.AspNetCompiler.Updateable = "true"
		Debug.AspNetCompiler.VirtualPath = "/localhost_50203"
		DefaultWebSiteLanguage = "Visual C#"
		ProjectReferences = "{01f95d86-55ee-473e-a5c0-3f0e5e92f293}|TextPub.dll;{2ECECFBF-5F3E-40EE-A963-72336DC7ABE2}|RestSharp.dll;"
		Release.AspNetCompiler.Debug = "False"
		Release.AspNetCompiler.FixedNames = "false"
		Release.AspNetCompiler.ForceOverwrite = "true"
		Release.AspNetCompiler.PhysicalPath = "TextPub.Sample.WebPages\"
		Release.AspNetCompiler.TargetPath = "PrecompiledWeb\localhost_50203\"
		Release.AspNetCompiler.Updateable = "true"
		Release.AspNetCompiler.VirtualPath = "/localhost_50203"
		SlnRelativePath = "TextPub.Sample.WebPages\"
		TargetFrameworkMoniker = ".NETFramework,Version%3Dv4.5"
		UseIISExpress = "true"
	EndProjectSection
	ProjectSection(WebsiteProperties) = preProject
		Debug.AspNetCompiler.Debug = "True"
		Debug.AspNetCompiler.FixedNames = "false"
		Debug.AspNetCompiler.ForceOverwrite = "true"
		Debug.AspNetCompiler.PhysicalPath = "TextPub.Sample.WebPages\"
		Debug.AspNetCompiler.TargetPath = "PrecompiledWeb\localhost_50203\"
		Debug.AspNetCompiler.Updateable = "true"
		Debug.AspNetCompiler.VirtualPath = "/localhost_50203"
		DefaultWebSiteLanguage = "Visual C#"
		ProjectReferences = "{01f95d86-55ee-473e-a5c0-3f0e5e92f293}|TextPub.dll;{2ECECFBF-5F3E-40EE-A963-72336DC7ABE2}|RestSharp.dll;"
		Release.AspNetCompiler.Debug = "False"
		Release.AspNetCompiler.FixedNames = "false"
		Release.AspNetCompiler.ForceOverwrite = "true"
		Release.AspNetCompiler.PhysicalPath = "TextPub.Sample.WebPages\"
		Release.AspNetCompiler.TargetPath = "PrecompiledWeb\localhost_50203\"
		Release.AspNetCompiler.Updateable = "true"
		Release.AspNetCompiler.VirtualPath = "/localhost_50203"
		SlnRelativePath = "TextPub.Sample.WebPages\"
		TargetFrameworkMoniker = ".NETFramework,Version%3Dv4.5"
		UseIISExpress = "true"
	EndProjectSection
	ProjectSection(WebsiteProperties) = preProject
		Debug.AspNetCompiler.Debug = "True"
		Debug.AspNetCompiler.FixedNames = "false"
		Debug.AspNetCompiler.ForceOverwrite = "true"
		Debug.AspNetCompiler.PhysicalPath = "TextPub.Sample.WebPages\"
		Debug.AspNetCompiler.TargetPath = "PrecompiledWeb\localhost_50203\"
		Debug.AspNetCompiler.Updateable = "true"
		Debug.AspNetCompiler.VirtualPath = "/localhost_50203"
		DefaultWebSiteLanguage = "Visual C#"
		ProjectReferences = "{01f95d86-55ee-473e-a5c0-3f0e5e92f293}|TextPub.dll;{E9580EFC-6014-4D3B-82A8-5F6D57213CE4}|DropNet.dll;"
		Release.AspNetCompiler.Debug = "False"
		Release.AspNetCompiler.FixedNames = "false"
		Release.AspNetCompiler.ForceOverwrite = "true"
		Release.AspNetCompiler.PhysicalPath = "TextPub.Sample.WebPages\"
		Release.AspNetCompiler.TargetPath = "PrecompiledWeb\localhost_50203\"
		Release.AspNetCompiler.Updateable = "true"
		Release.AspNetCompiler.VirtualPath = "/localhost_50203"
		SlnRelativePath = "TextPub.Sample.WebPages\"
		TargetFrameworkMoniker = ".NETFramework,Version%3Dv4.5"
		UseIISExpress = "true"
	EndProjectSection
	ProjectSection(WebsiteProperties) = preProject
		Debug.AspNetCompiler.Debug = "True"
		Debug.AspNetCompiler.FixedNames = "false"
		Debug.AspNetCompiler.ForceOverwrite = "true"
		Debug.AspNetCompiler.PhysicalPath = "TextPub.Sample.WebPages\"
		Debug.AspNetCompiler.TargetPath = "PrecompiledWeb\localhost_50203\"
		Debug.AspNetCompiler.Updateable = "true"
		Debug.AspNetCompiler.VirtualPath = "/localhost_50203"
		DefaultWebSiteLanguage = "Visual C#"
		ProjectReferences = "{01f95d86-55ee-473e-a5c0-3f0e5e92f293}|TextPub.dll;"
		Release.AspNetCompiler.Debug = "False"
		Release.AspNetCompiler.FixedNames = "false"
		Release.AspNetCompiler.ForceOverwrite = "true"
		Release.AspNetCompiler.PhysicalPath = "TextPub.Sample.WebPages\"
		Release.AspNetCompiler.TargetPath = "PrecompiledWeb\localhost_50203\"
		Release.AspNetCompiler.Updateable = "true"
		Release.AspNetCompiler.VirtualPath = "/localhost_50203"
		SlnRelativePath = "TextPub.Sample.WebPages\"
		TargetFrameworkMoniker = ".NETFramework,Version%3Dv4.5"
		UseIISExpress = "true"
	EndProjectSection
EndProject
Project("{2150E333-8FDC-42A3-9474-1A3956D46DE8}") = ".nuget", ".nuget", "{4FE108B5-6A37-4F67-AF93-A5F14E63197B}"
	ProjectSection(SolutionItems) = preProject
		.nuget\NuGet.exe = .nuget\NuGet.exe
		.nuget\NuGet.targets = .nuget\NuGet.targets
	EndProjectSection
EndProject
Global
	GlobalSection(SolutionConfigurationPlatforms) = preSolution
		Debug|Any CPU = Debug|Any CPU
		Release|Any CPU = Release|Any CPU
	EndGlobalSection
	GlobalSection(ProjectConfigurationPlatforms) = postSolution
		{01F95D86-55EE-473E-A5C0-3F0E5E92F293}.Debug|Any CPU.ActiveCfg = Debug|Any CPU
		{01F95D86-55EE-473E-A5C0-3F0E5E92F293}.Debug|Any CPU.Build.0 = Debug|Any CPU
		{01F95D86-55EE-473E-A5C0-3F0E5E92F293}.Release|Any CPU.ActiveCfg = Release|Any CPU
		{01F95D86-55EE-473E-A5C0-3F0E5E92F293}.Release|Any CPU.Build.0 = Release|Any CPU
		{E84FA9B0-52AA-4AED-80E2-B2DA1E484964}.Debug|Any CPU.ActiveCfg = Debug|Any CPU
		{E84FA9B0-52AA-4AED-80E2-B2DA1E484964}.Debug|Any CPU.Build.0 = Debug|Any CPU
		{E84FA9B0-52AA-4AED-80E2-B2DA1E484964}.Release|Any CPU.ActiveCfg = Debug|Any CPU
		{E84FA9B0-52AA-4AED-80E2-B2DA1E484964}.Release|Any CPU.Build.0 = Debug|Any CPU
	EndGlobalSection
	GlobalSection(SolutionProperties) = preSolution
		HideSolutionNode = FALSE
	EndGlobalSection
EndGlobal
